
Microsoft Visual Studio Solution File, Format Version 12.00
# Visual Studio Version 17
VisualStudioVersion = 17.7.34024.191
MinimumVisualStudioVersion = 10.0.40219.1
Project("{FAE04EC0-301F-11D3-BF4B-00C04F79EFBC}") = "P2MASV1055323", "P2MASV1055323\P2MASV1055323.csproj", "{1F28BEE3-46C2-4942-9E2A-B20C76CBCBE7}"
EndProject
Global
	GlobalSection(SolutionConfigurationPlatforms) = preSolution
		Debug|Any CPU = Debug|Any CPU
		Release|Any CPU = Release|Any CPU
	EndGlobalSection
	GlobalSection(ProjectConfigurationPlatforms) = postSolution
		{1F28BEE3-46C2-4942-9E2A-B20C76CBCBE7}.Debug|Any CPU.ActiveCfg = Debug|Any CPU
		{1F28BEE3-46C2-4942-9E2A-B20C76CBCBE7}.Debug|Any CPU.Build.0 = Debug|Any CPU
		{1F28BEE3-46C2-4942-9E2A-B20C76CBCBE7}.Release|Any CPU.ActiveCfg = Release|Any CPU
		{1F28BEE3-46C2-4942-9E2A-B20C76CBCBE7}.Release|Any CPU.Build.0 = Release|Any CPU
	EndGlobalSection
	GlobalSection(SolutionProperties) = preSolution
		HideSolutionNode = FALSE
	EndGlobalSection
	GlobalSection(ExtensibilityGlobals) = postSolution
		SolutionGuid = {93BC4B49-F603-4440-9764-3E808404454E}
	EndGlobalSection
EndGlobal
