
Microsoft Visual Studio Solution File, Format Version 12.00
# Visual Studio Version 17
VisualStudioVersion = 17.7.34024.191
MinimumVisualStudioVersion = 10.0.40219.1
Project("{FAE04EC0-301F-11D3-BF4B-00C04F79EFBC}") = "L8MASV1055323", "L8MASV1055323\L8MASV1055323.csproj", "{B9051105-A195-40DF-967A-664E2D4F7851}"
EndProject
Global
	GlobalSection(SolutionConfigurationPlatforms) = preSolution
		Debug|Any CPU = Debug|Any CPU
		Release|Any CPU = Release|Any CPU
	EndGlobalSection
	GlobalSection(ProjectConfigurationPlatforms) = postSolution
		{B9051105-A195-40DF-967A-664E2D4F7851}.Debug|Any CPU.ActiveCfg = Debug|Any CPU
		{B9051105-A195-40DF-967A-664E2D4F7851}.Debug|Any CPU.Build.0 = Debug|Any CPU
		{B9051105-A195-40DF-967A-664E2D4F7851}.Release|Any CPU.ActiveCfg = Release|Any CPU
		{B9051105-A195-40DF-967A-664E2D4F7851}.Release|Any CPU.Build.0 = Release|Any CPU
	EndGlobalSection
	GlobalSection(SolutionProperties) = preSolution
		HideSolutionNode = FALSE
	EndGlobalSection
	GlobalSection(ExtensibilityGlobals) = postSolution
		SolutionGuid = {32E842CC-A15C-4F55-BC77-835EFE23C422}
	EndGlobalSection
EndGlobal
