
Microsoft Visual Studio Solution File, Format Version 12.00
# Visual Studio Version 17
VisualStudioVersion = 17.7.34024.191
MinimumVisualStudioVersion = 10.0.40219.1
Project("{FAE04EC0-301F-11D3-BF4B-00C04F79EFBC}") = "T12MASV1055323", "T12MASV1055323\T12MASV1055323.csproj", "{900CE463-6A0B-4E3D-BDB5-4E46E83A63C9}"
EndProject
Global
	GlobalSection(SolutionConfigurationPlatforms) = preSolution
		Debug|Any CPU = Debug|Any CPU
		Release|Any CPU = Release|Any CPU
	EndGlobalSection
	GlobalSection(ProjectConfigurationPlatforms) = postSolution
		{900CE463-6A0B-4E3D-BDB5-4E46E83A63C9}.Debug|Any CPU.ActiveCfg = Debug|Any CPU
		{900CE463-6A0B-4E3D-BDB5-4E46E83A63C9}.Debug|Any CPU.Build.0 = Debug|Any CPU
		{900CE463-6A0B-4E3D-BDB5-4E46E83A63C9}.Release|Any CPU.ActiveCfg = Release|Any CPU
		{900CE463-6A0B-4E3D-BDB5-4E46E83A63C9}.Release|Any CPU.Build.0 = Release|Any CPU
	EndGlobalSection
	GlobalSection(SolutionProperties) = preSolution
		HideSolutionNode = FALSE
	EndGlobalSection
	GlobalSection(ExtensibilityGlobals) = postSolution
		SolutionGuid = {26A0AC5E-7068-4611-B473-94FF6D01F1BB}
	EndGlobalSection
EndGlobal
