
Microsoft Visual Studio Solution File, Format Version 12.00
# Visual Studio Version 17
VisualStudioVersion = 17.7.34024.191
MinimumVisualStudioVersion = 10.0.40219.1
Project("{FAE04EC0-301F-11D3-BF4B-00C04F79EFBC}") = "L4MASV1055323", "L4MASV1055323\L4MASV1055323.csproj", "{744CFF70-A346-45E8-87BE-5E168F37C257}"
EndProject
Global
	GlobalSection(SolutionConfigurationPlatforms) = preSolution
		Debug|Any CPU = Debug|Any CPU
		Release|Any CPU = Release|Any CPU
	EndGlobalSection
	GlobalSection(ProjectConfigurationPlatforms) = postSolution
		{744CFF70-A346-45E8-87BE-5E168F37C257}.Debug|Any CPU.ActiveCfg = Debug|Any CPU
		{744CFF70-A346-45E8-87BE-5E168F37C257}.Debug|Any CPU.Build.0 = Debug|Any CPU
		{744CFF70-A346-45E8-87BE-5E168F37C257}.Release|Any CPU.ActiveCfg = Release|Any CPU
		{744CFF70-A346-45E8-87BE-5E168F37C257}.Release|Any CPU.Build.0 = Release|Any CPU
	EndGlobalSection
	GlobalSection(SolutionProperties) = preSolution
		HideSolutionNode = FALSE
	EndGlobalSection
	GlobalSection(ExtensibilityGlobals) = postSolution
		SolutionGuid = {0EA47914-4C9F-448B-855B-2E014CBE1FB1}
	EndGlobalSection
EndGlobal
